
Microsoft Visual Studio Solution File, Format Version 12.00
# Visual Studio 15
VisualStudioVersion = 15.0.28307.572
MinimumVisualStudioVersion = 10.0.40219.1
Project("{FAE04EC0-301F-11D3-BF4B-00C04F79EFBC}") = "ExpenseTracker", "ExpenseTracker\ExpenseTracker.csproj", "{67F9E326-403D-4BC0-AB7E-E1C3FED97D51}"
EndProject
Project("{FAE04EC0-301F-11D3-BF4B-00C04F79EFBC}") = "ExpenseTracker.Model", "ExpenseTracker.Model\ExpenseTracker.Model.csproj", "{0E7F7898-3882-4F37-81A1-A61400420D33}"
EndProject
Project("{FAE04EC0-301F-11D3-BF4B-00C04F79EFBC}") = "ExpenseTracker.Repository", "ExpenseTracker.Repository\ExpenseTracker.Repository.csproj", "{2FBE721A-57B6-4247-8058-C30CD40DE5DB}"
EndProject
Project("{FAE04EC0-301F-11D3-BF4B-00C04F79EFBC}") = "ExpenseTracker.Service", "ExpenseTracker.Service\ExpenseTracker.Service.csproj", "{5A537252-5615-4A15-899C-67425C84B989}"
EndProject
Project("{FAE04EC0-301F-11D3-BF4B-00C04F79EFBC}") = "ExpenseTracker.Starter", "ExpenseTracker.Starter\ExpenseTracker.Starter.csproj", "{E507DA12-8D8C-4527-9440-37F646009D6C}"
EndProject
Project("{FAE04EC0-301F-11D3-BF4B-00C04F79EFBC}") = "ExpenseTracker.Model.Test", "ExpenseTracker.Model.Test\ExpenseTracker.Model.Test.csproj", "{F8646A3D-BC6B-4E1B-9635-90D3EA814106}"
EndProject
Project("{FAE04EC0-301F-11D3-BF4B-00C04F79EFBC}") = "ExpenseTracker.Test", "ExpenseTracker.Test\ExpenseTracker.Test.csproj", "{28FE27C4-B38E-42B0-BFDC-49967A6DD67C}"
EndProject
Global
	GlobalSection(SolutionConfigurationPlatforms) = preSolution
		Debug|Any CPU = Debug|Any CPU
		Release|Any CPU = Release|Any CPU
	EndGlobalSection
	GlobalSection(ProjectConfigurationPlatforms) = postSolution
		{67F9E326-403D-4BC0-AB7E-E1C3FED97D51}.Debug|Any CPU.ActiveCfg = Debug|Any CPU
		{67F9E326-403D-4BC0-AB7E-E1C3FED97D51}.Debug|Any CPU.Build.0 = Debug|Any CPU
		{67F9E326-403D-4BC0-AB7E-E1C3FED97D51}.Release|Any CPU.ActiveCfg = Release|Any CPU
		{67F9E326-403D-4BC0-AB7E-E1C3FED97D51}.Release|Any CPU.Build.0 = Release|Any CPU
		{0E7F7898-3882-4F37-81A1-A61400420D33}.Debug|Any CPU.ActiveCfg = Debug|Any CPU
		{0E7F7898-3882-4F37-81A1-A61400420D33}.Debug|Any CPU.Build.0 = Debug|Any CPU
		{0E7F7898-3882-4F37-81A1-A61400420D33}.Release|Any CPU.ActiveCfg = Release|Any CPU
		{0E7F7898-3882-4F37-81A1-A61400420D33}.Release|Any CPU.Build.0 = Release|Any CPU
		{2FBE721A-57B6-4247-8058-C30CD40DE5DB}.Debug|Any CPU.ActiveCfg = Debug|Any CPU
		{2FBE721A-57B6-4247-8058-C30CD40DE5DB}.Debug|Any CPU.Build.0 = Debug|Any CPU
		{2FBE721A-57B6-4247-8058-C30CD40DE5DB}.Release|Any CPU.ActiveCfg = Release|Any CPU
		{2FBE721A-57B6-4247-8058-C30CD40DE5DB}.Release|Any CPU.Build.0 = Release|Any CPU
		{5A537252-5615-4A15-899C-67425C84B989}.Debug|Any CPU.ActiveCfg = Debug|Any CPU
		{5A537252-5615-4A15-899C-67425C84B989}.Debug|Any CPU.Build.0 = Debug|Any CPU
		{5A537252-5615-4A15-899C-67425C84B989}.Release|Any CPU.ActiveCfg = Release|Any CPU
		{5A537252-5615-4A15-899C-67425C84B989}.Release|Any CPU.Build.0 = Release|Any CPU
		{E507DA12-8D8C-4527-9440-37F646009D6C}.Debug|Any CPU.ActiveCfg = Debug|Any CPU
		{E507DA12-8D8C-4527-9440-37F646009D6C}.Debug|Any CPU.Build.0 = Debug|Any CPU
		{E507DA12-8D8C-4527-9440-37F646009D6C}.Release|Any CPU.ActiveCfg = Release|Any CPU
		{E507DA12-8D8C-4527-9440-37F646009D6C}.Release|Any CPU.Build.0 = Release|Any CPU
		{F8646A3D-BC6B-4E1B-9635-90D3EA814106}.Debug|Any CPU.ActiveCfg = Debug|Any CPU
		{F8646A3D-BC6B-4E1B-9635-90D3EA814106}.Debug|Any CPU.Build.0 = Debug|Any CPU
		{F8646A3D-BC6B-4E1B-9635-90D3EA814106}.Release|Any CPU.ActiveCfg = Release|Any CPU
		{F8646A3D-BC6B-4E1B-9635-90D3EA814106}.Release|Any CPU.Build.0 = Release|Any CPU
		{28FE27C4-B38E-42B0-BFDC-49967A6DD67C}.Debug|Any CPU.ActiveCfg = Debug|Any CPU
		{28FE27C4-B38E-42B0-BFDC-49967A6DD67C}.Debug|Any CPU.Build.0 = Debug|Any CPU
		{28FE27C4-B38E-42B0-BFDC-49967A6DD67C}.Release|Any CPU.ActiveCfg = Release|Any CPU
		{28FE27C4-B38E-42B0-BFDC-49967A6DD67C}.Release|Any CPU.Build.0 = Release|Any CPU
	EndGlobalSection
	GlobalSection(SolutionProperties) = preSolution
		HideSolutionNode = FALSE
	EndGlobalSection
	GlobalSection(ExtensibilityGlobals) = postSolution
		SolutionGuid = {CA00A739-6123-43A5-B99C-DAE068A68A6F}
	EndGlobalSection
EndGlobal
